
Microsoft Visual Studio Solution File, Format Version 12.00
# Visual Studio Version 17
VisualStudioVersion = 17.8.34316.72
MinimumVisualStudioVersion = 10.0.40219.1
Project("{2150E333-8FDC-42A3-9474-1A3956D46DE8}") = "Core", "Core", "{F5A6714F-8290-492D-AE04-C82D8AF8E13D}"
EndProject
Project("{9A19103F-16F7-4668-BE54-9A1E7A4F7556}") = "CarBook.Domain", "Core\CarBook.Domain\CarBook.Domain.csproj", "{9A410E2E-5F05-4946-99DC-458C8ABE356E}"
EndProject
Project("{2150E333-8FDC-42A3-9474-1A3956D46DE8}") = "Infrastructure", "Infrastructure", "{9E84A84F-B094-4C08-8F1E-EAE1674B02AB}"
EndProject
Project("{9A19103F-16F7-4668-BE54-9A1E7A4F7556}") = "CarBook.Persistence", "Infrastructure\CarBook.Persistence\CarBook.Persistence.csproj", "{A8930B65-50A0-408A-AF7C-CA24A7F28240}"
EndProject
Project("{2150E333-8FDC-42A3-9474-1A3956D46DE8}") = "Presentation", "Presentation", "{75E16FCD-D8F5-4F14-8B44-98B0840B17BE}"
EndProject
Project("{9A19103F-16F7-4668-BE54-9A1E7A4F7556}") = "CarBook.WebApi", "Prensentation\CarBook.WebApi\CarBook.WebApi.csproj", "{A11B33C9-AFB4-4E04-BB67-699911175E5D}"
EndProject
Project("{9A19103F-16F7-4668-BE54-9A1E7A4F7556}") = "CarBook.Application", "Core\CarBook.Application\CarBook.Application.csproj", "{16C7788F-C521-4E35-9F9B-087B0371A54F}"
EndProject
Project("{2150E333-8FDC-42A3-9474-1A3956D46DE8}") = "Frontends", "Frontends", "{68195314-4530-4322-BACE-2AAC93CC94DA}"
EndProject
Project("{FAE04EC0-301F-11D3-BF4B-00C04F79EFBC}") = "CarBook.WebUI", "Frontends\CarBook.WebUI\CarBook.WebUI.csproj", "{9FB362C9-4346-49C1-82D9-197F0B0D68F5}"
EndProject
Global
	GlobalSection(SolutionConfigurationPlatforms) = preSolution
		Debug|Any CPU = Debug|Any CPU
		Release|Any CPU = Release|Any CPU
	EndGlobalSection
	GlobalSection(ProjectConfigurationPlatforms) = postSolution
		{9A410E2E-5F05-4946-99DC-458C8ABE356E}.Debug|Any CPU.ActiveCfg = Debug|Any CPU
		{9A410E2E-5F05-4946-99DC-458C8ABE356E}.Debug|Any CPU.Build.0 = Debug|Any CPU
		{9A410E2E-5F05-4946-99DC-458C8ABE356E}.Release|Any CPU.ActiveCfg = Release|Any CPU
		{9A410E2E-5F05-4946-99DC-458C8ABE356E}.Release|Any CPU.Build.0 = Release|Any CPU
		{A8930B65-50A0-408A-AF7C-CA24A7F28240}.Debug|Any CPU.ActiveCfg = Debug|Any CPU
		{A8930B65-50A0-408A-AF7C-CA24A7F28240}.Debug|Any CPU.Build.0 = Debug|Any CPU
		{A8930B65-50A0-408A-AF7C-CA24A7F28240}.Release|Any CPU.ActiveCfg = Release|Any CPU
		{A8930B65-50A0-408A-AF7C-CA24A7F28240}.Release|Any CPU.Build.0 = Release|Any CPU
		{A11B33C9-AFB4-4E04-BB67-699911175E5D}.Debug|Any CPU.ActiveCfg = Debug|Any CPU
		{A11B33C9-AFB4-4E04-BB67-699911175E5D}.Debug|Any CPU.Build.0 = Debug|Any CPU
		{A11B33C9-AFB4-4E04-BB67-699911175E5D}.Release|Any CPU.ActiveCfg = Release|Any CPU
		{A11B33C9-AFB4-4E04-BB67-699911175E5D}.Release|Any CPU.Build.0 = Release|Any CPU
		{16C7788F-C521-4E35-9F9B-087B0371A54F}.Debug|Any CPU.ActiveCfg = Debug|Any CPU
		{16C7788F-C521-4E35-9F9B-087B0371A54F}.Debug|Any CPU.Build.0 = Debug|Any CPU
		{16C7788F-C521-4E35-9F9B-087B0371A54F}.Release|Any CPU.ActiveCfg = Release|Any CPU
		{16C7788F-C521-4E35-9F9B-087B0371A54F}.Release|Any CPU.Build.0 = Release|Any CPU
		{9FB362C9-4346-49C1-82D9-197F0B0D68F5}.Debug|Any CPU.ActiveCfg = Debug|Any CPU
		{9FB362C9-4346-49C1-82D9-197F0B0D68F5}.Debug|Any CPU.Build.0 = Debug|Any CPU
		{9FB362C9-4346-49C1-82D9-197F0B0D68F5}.Release|Any CPU.ActiveCfg = Release|Any CPU
		{9FB362C9-4346-49C1-82D9-197F0B0D68F5}.Release|Any CPU.Build.0 = Release|Any CPU
	EndGlobalSection
	GlobalSection(SolutionProperties) = preSolution
		HideSolutionNode = FALSE
	EndGlobalSection
	GlobalSection(NestedProjects) = preSolution
		{9A410E2E-5F05-4946-99DC-458C8ABE356E} = {F5A6714F-8290-492D-AE04-C82D8AF8E13D}
		{A8930B65-50A0-408A-AF7C-CA24A7F28240} = {9E84A84F-B094-4C08-8F1E-EAE1674B02AB}
		{A11B33C9-AFB4-4E04-BB67-699911175E5D} = {75E16FCD-D8F5-4F14-8B44-98B0840B17BE}
		{16C7788F-C521-4E35-9F9B-087B0371A54F} = {F5A6714F-8290-492D-AE04-C82D8AF8E13D}
		{9FB362C9-4346-49C1-82D9-197F0B0D68F5} = {68195314-4530-4322-BACE-2AAC93CC94DA}
	EndGlobalSection
	GlobalSection(ExtensibilityGlobals) = postSolution
		SolutionGuid = {D36EC7E4-86D5-40CC-AF6B-3B79B2A0B20E}
	EndGlobalSection
EndGlobal
